
Microsoft Visual Studio Solution File, Format Version 11.00
# Visual Studio 2010
Project("{FAE04EC0-301F-11D3-BF4B-00C04F79EFBC}") = "Hosted", "Hosted\Hosted.csproj", "{69B9F659-82A2-4760-9CF5-6FF748C7070E}"
EndProject
Project("{FAE04EC0-301F-11D3-BF4B-00C04F79EFBC}") = "Messages", "Messages\Messages.csproj", "{7E8A64E9-24C7-4BD3-B441-26111B26CABE}"
EndProject
Project("{FAE04EC0-301F-11D3-BF4B-00C04F79EFBC}") = "ConsoleClient", "ConsoleClient\ConsoleClient.csproj", "{6CE69D07-002E-434F-A8E2-36BF2818B28D}"
EndProject
Project("{FAE04EC0-301F-11D3-BF4B-00C04F79EFBC}") = "WcfService", "WcfService\WcfService.csproj", "{72BA9931-C257-4A2B-AE23-D99EEC19E353}"
EndProject
Global
	GlobalSection(SolutionConfigurationPlatforms) = preSolution
		Debug|Any CPU = Debug|Any CPU
		Debug|Mixed Platforms = Debug|Mixed Platforms
		Debug|x86 = Debug|x86
		Release|Any CPU = Release|Any CPU
		Release|Mixed Platforms = Release|Mixed Platforms
		Release|x86 = Release|x86
	EndGlobalSection
	GlobalSection(ProjectConfigurationPlatforms) = postSolution
		{69B9F659-82A2-4760-9CF5-6FF748C7070E}.Debug|Any CPU.ActiveCfg = Debug|Any CPU
		{69B9F659-82A2-4760-9CF5-6FF748C7070E}.Debug|Any CPU.Build.0 = Debug|Any CPU
		{69B9F659-82A2-4760-9CF5-6FF748C7070E}.Debug|Mixed Platforms.ActiveCfg = Debug|Any CPU
		{69B9F659-82A2-4760-9CF5-6FF748C7070E}.Debug|Mixed Platforms.Build.0 = Debug|Any CPU
		{69B9F659-82A2-4760-9CF5-6FF748C7070E}.Debug|x86.ActiveCfg = Debug|Any CPU
		{69B9F659-82A2-4760-9CF5-6FF748C7070E}.Release|Any CPU.ActiveCfg = Release|Any CPU
		{69B9F659-82A2-4760-9CF5-6FF748C7070E}.Release|Any CPU.Build.0 = Release|Any CPU
		{69B9F659-82A2-4760-9CF5-6FF748C7070E}.Release|Mixed Platforms.ActiveCfg = Release|Any CPU
		{69B9F659-82A2-4760-9CF5-6FF748C7070E}.Release|Mixed Platforms.Build.0 = Release|Any CPU
		{69B9F659-82A2-4760-9CF5-6FF748C7070E}.Release|x86.ActiveCfg = Release|Any CPU
		{7E8A64E9-24C7-4BD3-B441-26111B26CABE}.Debug|Any CPU.ActiveCfg = Debug|Any CPU
		{7E8A64E9-24C7-4BD3-B441-26111B26CABE}.Debug|Any CPU.Build.0 = Debug|Any CPU
		{7E8A64E9-24C7-4BD3-B441-26111B26CABE}.Debug|Mixed Platforms.ActiveCfg = Debug|Any CPU
		{7E8A64E9-24C7-4BD3-B441-26111B26CABE}.Debug|Mixed Platforms.Build.0 = Debug|Any CPU
		{7E8A64E9-24C7-4BD3-B441-26111B26CABE}.Debug|x86.ActiveCfg = Debug|Any CPU
		{7E8A64E9-24C7-4BD3-B441-26111B26CABE}.Release|Any CPU.ActiveCfg = Release|Any CPU
		{7E8A64E9-24C7-4BD3-B441-26111B26CABE}.Release|Any CPU.Build.0 = Release|Any CPU
		{7E8A64E9-24C7-4BD3-B441-26111B26CABE}.Release|Mixed Platforms.ActiveCfg = Release|Any CPU
		{7E8A64E9-24C7-4BD3-B441-26111B26CABE}.Release|Mixed Platforms.Build.0 = Release|Any CPU
		{7E8A64E9-24C7-4BD3-B441-26111B26CABE}.Release|x86.ActiveCfg = Release|Any CPU
		{6CE69D07-002E-434F-A8E2-36BF2818B28D}.Debug|Any CPU.ActiveCfg = Debug|x86
		{6CE69D07-002E-434F-A8E2-36BF2818B28D}.Debug|Mixed Platforms.ActiveCfg = Debug|x86
		{6CE69D07-002E-434F-A8E2-36BF2818B28D}.Debug|Mixed Platforms.Build.0 = Debug|x86
		{6CE69D07-002E-434F-A8E2-36BF2818B28D}.Debug|x86.ActiveCfg = Debug|x86
		{6CE69D07-002E-434F-A8E2-36BF2818B28D}.Debug|x86.Build.0 = Debug|x86
		{6CE69D07-002E-434F-A8E2-36BF2818B28D}.Release|Any CPU.ActiveCfg = Release|x86
		{6CE69D07-002E-434F-A8E2-36BF2818B28D}.Release|Mixed Platforms.ActiveCfg = Release|x86
		{6CE69D07-002E-434F-A8E2-36BF2818B28D}.Release|Mixed Platforms.Build.0 = Release|x86
		{6CE69D07-002E-434F-A8E2-36BF2818B28D}.Release|x86.ActiveCfg = Release|x86
		{6CE69D07-002E-434F-A8E2-36BF2818B28D}.Release|x86.Build.0 = Release|x86
		{72BA9931-C257-4A2B-AE23-D99EEC19E353}.Debug|Any CPU.ActiveCfg = Debug|Any CPU
		{72BA9931-C257-4A2B-AE23-D99EEC19E353}.Debug|Any CPU.Build.0 = Debug|Any CPU
		{72BA9931-C257-4A2B-AE23-D99EEC19E353}.Debug|Mixed Platforms.ActiveCfg = Debug|Any CPU
		{72BA9931-C257-4A2B-AE23-D99EEC19E353}.Debug|Mixed Platforms.Build.0 = Debug|Any CPU
		{72BA9931-C257-4A2B-AE23-D99EEC19E353}.Debug|x86.ActiveCfg = Debug|Any CPU
		{72BA9931-C257-4A2B-AE23-D99EEC19E353}.Release|Any CPU.ActiveCfg = Release|Any CPU
		{72BA9931-C257-4A2B-AE23-D99EEC19E353}.Release|Any CPU.Build.0 = Release|Any CPU
		{72BA9931-C257-4A2B-AE23-D99EEC19E353}.Release|Mixed Platforms.ActiveCfg = Release|Any CPU
		{72BA9931-C257-4A2B-AE23-D99EEC19E353}.Release|Mixed Platforms.Build.0 = Release|Any CPU
		{72BA9931-C257-4A2B-AE23-D99EEC19E353}.Release|x86.ActiveCfg = Release|Any CPU
	EndGlobalSection
	GlobalSection(SolutionProperties) = preSolution
		HideSolutionNode = FALSE
	EndGlobalSection
EndGlobal
